
Microsoft Visual Studio Solution File, Format Version 12.00
# Visual Studio Version 17
VisualStudioVersion = 17.8.34511.84
MinimumVisualStudioVersion = 10.0.40219.1
Project("{FAE04EC0-301F-11D3-BF4B-00C04F79EFBC}") = "testHackRank", "testHackRank.csproj", "{09D0058C-533E-4B66-B820-12BF818FBD61}"
EndProject
Global
	GlobalSection(SolutionConfigurationPlatforms) = preSolution
		Debug|Any CPU = Debug|Any CPU
		Release|Any CPU = Release|Any CPU
	EndGlobalSection
	GlobalSection(ProjectConfigurationPlatforms) = postSolution
		{09D0058C-533E-4B66-B820-12BF818FBD61}.Debug|Any CPU.ActiveCfg = Debug|Any CPU
		{09D0058C-533E-4B66-B820-12BF818FBD61}.Debug|Any CPU.Build.0 = Debug|Any CPU
		{09D0058C-533E-4B66-B820-12BF818FBD61}.Release|Any CPU.ActiveCfg = Release|Any CPU
		{09D0058C-533E-4B66-B820-12BF818FBD61}.Release|Any CPU.Build.0 = Release|Any CPU
	EndGlobalSection
	GlobalSection(SolutionProperties) = preSolution
		HideSolutionNode = FALSE
	EndGlobalSection
	GlobalSection(ExtensibilityGlobals) = postSolution
		SolutionGuid = {2DCB3746-F615-4C6F-B5A6-1DD0CC631D00}
	EndGlobalSection
EndGlobal
